{
  "pins" : [
    {
      "identity" : "dnslibs",
      "kind" : "remoteSourceControl",
      "location" : "https://github.com/AdguardTeam/DnsLibs",
      "state" : {
        "revision" : "629201af4796b4d4eadfeaa45bc1f6a988536851",
        "version" : "1.6.53"
      }
    },
    {
      "identity" : "sentry-cocoa",
      "kind" : "remoteSourceControl",
      "location" : "https://github.com/getsentry/sentry-cocoa.git",
      "state" : {
        "branch" : "main",
        "revision" : "7c37d8eff517309f60987671fa93f066a2b91cfa"
      }
    }
  ],
  "version" : 2
}
